// !$*UTF8*$!
{
	archiveVersion = 1;
	classes = {
	};
	objectVersion = 50;
	objects = {

/* Begin PBXBuildFile section */
		210906E9212BF0E200CB49B2 /* webservices.swift in Sources */ = {isa = PBXBuildFile; fileRef = 210906E8212BF0E200CB49B2 /* webservices.swift */; };
		210E45D5213660E900D60AE6 /* DepartureCell.swift in Sources */ = {isa = PBXBuildFile; fileRef = 210E45D3213660E900D60AE6 /* DepartureCell.swift */; };
		210E45D6213660E900D60AE6 /* DepartureCell.xib in Resources */ = {isa = PBXBuildFile; fileRef = 210E45D4213660E900D60AE6 /* DepartureCell.xib */; };
		210EFECF21415BE900B51BF8 /* SearchVC.swift in Sources */ = {isa = PBXBuildFile; fileRef = 210EFECE21415BE900B51BF8 /* SearchVC.swift */; };
		2114E7F12146528C001761B6 /* NewLoginVc.swift in Sources */ = {isa = PBXBuildFile; fileRef = 2114E7F02146528C001761B6 /* NewLoginVc.swift */; };
		2114E7F3214687AC001761B6 /* OtpVC.swift in Sources */ = {isa = PBXBuildFile; fileRef = 2114E7F2214687AC001761B6 /* OtpVC.swift */; };
		2114E7F521469830001761B6 /* NewSignUpVC.swift in Sources */ = {isa = PBXBuildFile; fileRef = 2114E7F421469830001761B6 /* NewSignUpVC.swift */; };
		2119E44D2148D0E800019801 /* ReviewPopUp.swift in Sources */ = {isa = PBXBuildFile; fileRef = 2119E44C2148D0E800019801 /* ReviewPopUp.swift */; };
		2119E44F2148ED9E00019801 /* ReviewListVC.swift in Sources */ = {isa = PBXBuildFile; fileRef = 2119E44E2148ED9E00019801 /* ReviewListVC.swift */; };
		2124474621422DCD0002AFF1 /* Checkbox.swift in Sources */ = {isa = PBXBuildFile; fileRef = 2124474521422DCC0002AFF1 /* Checkbox.swift */; };
		2124474A21423F1D0002AFF1 /* CheckBoxCell.swift in Sources */ = {isa = PBXBuildFile; fileRef = 2124474921423F1D0002AFF1 /* CheckBoxCell.swift */; };
		2124E3C12137CCDF00182399 /* HotelCheckinCell.swift in Sources */ = {isa = PBXBuildFile; fileRef = 2124E3BF2137CCDF00182399 /* HotelCheckinCell.swift */; };
		2124E3C22137CCDF00182399 /* HotelCheckinCell.xib in Resources */ = {isa = PBXBuildFile; fileRef = 2124E3C02137CCDF00182399 /* HotelCheckinCell.xib */; };
		21291B7A21367ADF0001BA7D /* SearchCityCell.swift in Sources */ = {isa = PBXBuildFile; fileRef = 21291B7921367ADF0001BA7D /* SearchCityCell.swift */; };
		21291B7C213681CC0001BA7D /* CityResponse.swift in Sources */ = {isa = PBXBuildFile; fileRef = 21291B7B213681CC0001BA7D /* CityResponse.swift */; };
		212AE760213FC3630091DEAE /* HotelListCell.swift in Sources */ = {isa = PBXBuildFile; fileRef = 212AE75F213FC3630091DEAE /* HotelListCell.swift */; };
		212AE762213FC3810091DEAE /* HotelGridCell.swift in Sources */ = {isa = PBXBuildFile; fileRef = 212AE761213FC3810091DEAE /* HotelGridCell.swift */; };
		212B72B721356E1E00B80A60 /* FullScheduleVC.swift in Sources */ = {isa = PBXBuildFile; fileRef = 212B72B621356E1E00B80A60 /* FullScheduleVC.swift */; };
		212D31222147961900DBA0E1 /* HomeResponse.swift in Sources */ = {isa = PBXBuildFile; fileRef = 212D31212147961900DBA0E1 /* HomeResponse.swift */; };
		212D31242147EA5100DBA0E1 /* ReviewCell.swift in Sources */ = {isa = PBXBuildFile; fileRef = 212D31232147EA5100DBA0E1 /* ReviewCell.swift */; };
		213AD662213015A600B67567 /* KTCenterFlowLayout.m in Sources */ = {isa = PBXBuildFile; fileRef = 213AD660213015A600B67567 /* KTCenterFlowLayout.m */; };
		213C7B47213E696A00D34871 /* FulliternityVC.swift in Sources */ = {isa = PBXBuildFile; fileRef = 213C7B46213E696A00D34871 /* FulliternityVC.swift */; };
		213C7B49213E6BC200D34871 /* TableChildExampleViewController.swift in Sources */ = {isa = PBXBuildFile; fileRef = 213C7B48213E6BC200D34871 /* TableChildExampleViewController.swift */; };
		21402A9421427FFE001ED099 /* ThemeList.swift in Sources */ = {isa = PBXBuildFile; fileRef = 21402A9321427FFE001ED099 /* ThemeList.swift */; };
		2146638C2136A0B8009D9770 /* PackageList.swift in Sources */ = {isa = PBXBuildFile; fileRef = 2146638B2136A0B8009D9770 /* PackageList.swift */; };
		214C608621301AA800A7A9D9 /* KTAwesomeCell.m in Sources */ = {isa = PBXBuildFile; fileRef = 214C608521301AA800A7A9D9 /* KTAwesomeCell.m */; };
		21672ADD212E795900F1F6C1 /* PackageDetailVC.swift in Sources */ = {isa = PBXBuildFile; fileRef = 21672ADC212E795900F1F6C1 /* PackageDetailVC.swift */; };
		21672AE7212E928800F1F6C1 /* PackageListCell.swift in Sources */ = {isa = PBXBuildFile; fileRef = 21672AE6212E928800F1F6C1 /* PackageListCell.swift */; };
		21672AE9212E930A00F1F6C1 /* PackageDetailCell.swift in Sources */ = {isa = PBXBuildFile; fileRef = 21672AE8212E930A00F1F6C1 /* PackageDetailCell.swift */; };
		217067DB212BEA020003E665 /* LaunchScreen.storyboard in Resources */ = {isa = PBXBuildFile; fileRef = 217067D9212BEA020003E665 /* LaunchScreen.storyboard */; };
		217067E6212BEA030003E665 /* TourAndTravelsAppTests.swift in Sources */ = {isa = PBXBuildFile; fileRef = 217067E5212BEA030003E665 /* TourAndTravelsAppTests.swift */; };
		217067F1212BEA030003E665 /* TourAndTravelsAppUITests.swift in Sources */ = {isa = PBXBuildFile; fileRef = 217067F0212BEA030003E665 /* TourAndTravelsAppUITests.swift */; };
		21706801212BEA440003E665 /* SideMenuVc.swift in Sources */ = {isa = PBXBuildFile; fileRef = 217067FE212BEA430003E665 /* SideMenuVc.swift */; };
		21706802212BEA440003E665 /* ViewController.swift in Sources */ = {isa = PBXBuildFile; fileRef = 217067FF212BEA430003E665 /* ViewController.swift */; };
		21706805212BEA540003E665 /* AppDelegate.swift in Sources */ = {isa = PBXBuildFile; fileRef = 21706804212BEA540003E665 /* AppDelegate.swift */; };
		2170680A212BEA660003E665 /* SWRevealViewController.m in Sources */ = {isa = PBXBuildFile; fileRef = 21706808212BEA650003E665 /* SWRevealViewController.m */; };
		2170680F212BEABB0003E665 /* Assets.xcassets in Resources */ = {isa = PBXBuildFile; fileRef = 2170680E212BEABA0003E665 /* Assets.xcassets */; };
		21706811212BEADB0003E665 /* Main.storyboard in Resources */ = {isa = PBXBuildFile; fileRef = 21706810212BEADB0003E665 /* Main.storyboard */; };
		21901F6A212D24180050DB7C /* Extensions.swift in Sources */ = {isa = PBXBuildFile; fileRef = 21901F67212D24180050DB7C /* Extensions.swift */; };
		21901F6D212D244A0050DB7C /* CollapsibleTableViewCell.swift in Sources */ = {isa = PBXBuildFile; fileRef = 21901F6C212D244A0050DB7C /* CollapsibleTableViewCell.swift */; };
		21901F73212D7AB80050DB7C /* PackagesListVC.swift in Sources */ = {isa = PBXBuildFile; fileRef = 21901F72212D7AB80050DB7C /* PackagesListVC.swift */; };
		21ADC64E2133C722006BF58F /* DetailviewCell.swift in Sources */ = {isa = PBXBuildFile; fileRef = 21ADC64D2133C722006BF58F /* DetailviewCell.swift */; };
		21ADC6512133CD78006BF58F /* LoginResponse.swift in Sources */ = {isa = PBXBuildFile; fileRef = 21ADC6502133CD78006BF58F /* LoginResponse.swift */; };
		21ADC6532133D92B006BF58F /* RegisterResponse.swift in Sources */ = {isa = PBXBuildFile; fileRef = 21ADC6522133D92B006BF58F /* RegisterResponse.swift */; };
		21CCFEF32137D1AA00DA6E5D /* DetailCellHistory.swift in Sources */ = {isa = PBXBuildFile; fileRef = 21CCFEF12137D1AA00DA6E5D /* DetailCellHistory.swift */; };
		21CCFEF42137D1AA00DA6E5D /* DetailCellHistory.xib in Resources */ = {isa = PBXBuildFile; fileRef = 21CCFEF22137D1AA00DA6E5D /* DetailCellHistory.xib */; };
		21DA5A7A213FD98D00ADFF6E /* FlightCell.swift in Sources */ = {isa = PBXBuildFile; fileRef = 21DA5A79213FD98D00ADFF6E /* FlightCell.swift */; };
		21DC48552149038400DB244C /* BannerCell.swift in Sources */ = {isa = PBXBuildFile; fileRef = 21DC48532149038400DB244C /* BannerCell.swift */; };
		21DC48562149038400DB244C /* BannerCell.xib in Resources */ = {isa = PBXBuildFile; fileRef = 21DC48542149038400DB244C /* BannerCell.xib */; };
		21DC48582149231200DB244C /* UpdateProfileResponse.swift in Sources */ = {isa = PBXBuildFile; fileRef = 21DC48572149231200DB244C /* UpdateProfileResponse.swift */; };
		21DDF2F0213CF174004FA1EA /* ProfileVC.swift in Sources */ = {isa = PBXBuildFile; fileRef = 21DDF2EF213CF174004FA1EA /* ProfileVC.swift */; };
		21DDF2F2213D152E004FA1EA /* PopularPackgesVC.swift in Sources */ = {isa = PBXBuildFile; fileRef = 21DDF2F1213D152E004FA1EA /* PopularPackgesVC.swift */; };
		21DDF2FA213D1A4A004FA1EA /* PopularListCell.swift in Sources */ = {isa = PBXBuildFile; fileRef = 21DDF2F8213D1A4A004FA1EA /* PopularListCell.swift */; };
		21DDF2FB213D1A4A004FA1EA /* PopularListCell.xib in Resources */ = {isa = PBXBuildFile; fileRef = 21DDF2F9213D1A4A004FA1EA /* PopularListCell.xib */; };
		21EDCBE42143CBF00006EB58 /* FavouriteLstVc.swift in Sources */ = {isa = PBXBuildFile; fileRef = 21EDCBE32143CBF00006EB58 /* FavouriteLstVc.swift */; };
		21EDCBE62143CC500006EB58 /* UserMerResponse.swift in Sources */ = {isa = PBXBuildFile; fileRef = 21EDCBE52143CC500006EB58 /* UserMerResponse.swift */; };
		21EDCBE82143D1730006EB58 /* FavouriteCell.swift in Sources */ = {isa = PBXBuildFile; fileRef = 21EDCBE72143D1730006EB58 /* FavouriteCell.swift */; };
		21EFCAAF214A469400FFD12C /* ContactUsVC.swift in Sources */ = {isa = PBXBuildFile; fileRef = 21EFCAAE214A469400FFD12C /* ContactUsVC.swift */; };
		21EFCAB4214A47F100FFD12C /* MainVC.swift in Sources */ = {isa = PBXBuildFile; fileRef = 21EFCAB0214A47ED00FFD12C /* MainVC.swift */; };
		9EA11222700F532ABE03168A /* Pods_TourAndTravelsApp.framework in Frameworks */ = {isa = PBXBuildFile; fileRef = DFE755C06097EB1B710441AE /* Pods_TourAndTravelsApp.framework */; };
		F5072E76DCEBE56128546162 /* Pods_TourAndTravelsAppUITests.framework in Frameworks */ = {isa = PBXBuildFile; fileRef = 40C11EB5BAA7796761378EF2 /* Pods_TourAndTravelsAppUITests.framework */; };
		F570AF895BCF1AE292ED8491 /* Pods_TourAndTravelsAppTests.framework in Frameworks */ = {isa = PBXBuildFile; fileRef = B24AA2E5F0D300671DDDD000 /* Pods_TourAndTravelsAppTests.framework */; };
/* End PBXBuildFile section */

/* Begin PBXContainerItemProxy section */
		217067E2212BEA030003E665 /* PBXContainerItemProxy */ = {
			isa = PBXContainerItemProxy;
			containerPortal = 217067C5212BEA010003E665 /* Project object */;
			proxyType = 1;
			remoteGlobalIDString = 217067CC212BEA010003E665;
			remoteInfo = TourAndTravelsApp;
		};
		217067ED212BEA030003E665 /* PBXContainerItemProxy */ = {
			isa = PBXContainerItemProxy;
			containerPortal = 217067C5212BEA010003E665 /* Project object */;
			proxyType = 1;
			remoteGlobalIDString = 217067CC212BEA010003E665;
			remoteInfo = TourAndTravelsApp;
		};
/* End PBXContainerItemProxy section */

/* Begin PBXFileReference section */
		210906E8212BF0E200CB49B2 /* webservices.swift */ = {isa = PBXFileReference; fileEncoding = 4; lastKnownFileType = sourcecode.swift; path = webservices.swift; sourceTree = "<group>"; };
		210E45D3213660E900D60AE6 /* DepartureCell.swift */ = {isa = PBXFileReference; lastKnownFileType = sourcecode.swift; path = DepartureCell.swift; sourceTree = "<group>"; };
		210E45D4213660E900D60AE6 /* DepartureCell.xib */ = {isa = PBXFileReference; lastKnownFileType = file.xib; path = DepartureCell.xib; sourceTree = "<group>"; };
		210EFECE21415BE900B51BF8 /* SearchVC.swift */ = {isa = PBXFileReference; lastKnownFileType = sourcecode.swift; path = SearchVC.swift; sourceTree = "<group>"; };
		2114E7F02146528C001761B6 /* NewLoginVc.swift */ = {isa = PBXFileReference; lastKnownFileType = sourcecode.swift; path = NewLoginVc.swift; sourceTree = "<group>"; };
		2114E7F2214687AC001761B6 /* OtpVC.swift */ = {isa = PBXFileReference; lastKnownFileType = sourcecode.swift; path = OtpVC.swift; sourceTree = "<group>"; };
		2114E7F421469830001761B6 /* NewSignUpVC.swift */ = {isa = PBXFileReference; lastKnownFileType = sourcecode.swift; path = NewSignUpVC.swift; sourceTree = "<group>"; };
		2119E44C2148D0E800019801 /* ReviewPopUp.swift */ = {isa = PBXFileReference; lastKnownFileType = sourcecode.swift; path = ReviewPopUp.swift; sourceTree = "<group>"; };
		2119E44E2148ED9E00019801 /* ReviewListVC.swift */ = {isa = PBXFileReference; lastKnownFileType = sourcecode.swift; path = ReviewListVC.swift; sourceTree = "<group>"; };
		2124474521422DCC0002AFF1 /* Checkbox.swift */ = {isa = PBXFileReference; fileEncoding = 4; lastKnownFileType = sourcecode.swift; path = Checkbox.swift; sourceTree = "<group>"; };
		2124474921423F1D0002AFF1 /* CheckBoxCell.swift */ = {isa = PBXFileReference; lastKnownFileType = sourcecode.swift; path = CheckBoxCell.swift; sourceTree = "<group>"; };
		2124E3BF2137CCDF00182399 /* HotelCheckinCell.swift */ = {isa = PBXFileReference; lastKnownFileType = sourcecode.swift; path = HotelCheckinCell.swift; sourceTree = "<group>"; };
		2124E3C02137CCDF00182399 /* HotelCheckinCell.xib */ = {isa = PBXFileReference; lastKnownFileType = file.xib; path = HotelCheckinCell.xib; sourceTree = "<group>"; };
		21291B7921367ADF0001BA7D /* SearchCityCell.swift */ = {isa = PBXFileReference; lastKnownFileType = sourcecode.swift; path = SearchCityCell.swift; sourceTree = "<group>"; };
		21291B7B213681CC0001BA7D /* CityResponse.swift */ = {isa = PBXFileReference; lastKnownFileType = sourcecode.swift; path = CityResponse.swift; sourceTree = "<group>"; };
		212AE75F213FC3630091DEAE /* HotelListCell.swift */ = {isa = PBXFileReference; lastKnownFileType = sourcecode.swift; path = HotelListCell.swift; sourceTree = "<group>"; };
		212AE761213FC3810091DEAE /* HotelGridCell.swift */ = {isa = PBXFileReference; lastKnownFileType = sourcecode.swift; path = HotelGridCell.swift; sourceTree = "<group>"; };
		212B72B621356E1E00B80A60 /* FullScheduleVC.swift */ = {isa = PBXFileReference; lastKnownFileType = sourcecode.swift; path = FullScheduleVC.swift; sourceTree = "<group>"; };
		212D31212147961900DBA0E1 /* HomeResponse.swift */ = {isa = PBXFileReference; lastKnownFileType = sourcecode.swift; path = HomeResponse.swift; sourceTree = "<group>"; };
		212D31232147EA5100DBA0E1 /* ReviewCell.swift */ = {isa = PBXFileReference; lastKnownFileType = sourcecode.swift; path = ReviewCell.swift; sourceTree = "<group>"; };
		213AD660213015A600B67567 /* KTCenterFlowLayout.m */ = {isa = PBXFileReference; fileEncoding = 4; lastKnownFileType = sourcecode.c.objc; path = KTCenterFlowLayout.m; sourceTree = "<group>"; };
		213AD661213015A600B67567 /* KTCenterFlowLayout.h */ = {isa = PBXFileReference; fileEncoding = 4; lastKnownFileType = sourcecode.c.h; path = KTCenterFlowLayout.h; sourceTree = "<group>"; };
		213C7B46213E696A00D34871 /* FulliternityVC.swift */ = {isa = PBXFileReference; lastKnownFileType = sourcecode.swift; path = FulliternityVC.swift; sourceTree = "<group>"; };
		213C7B48213E6BC200D34871 /* TableChildExampleViewController.swift */ = {isa = PBXFileReference; fileEncoding = 4; lastKnownFileType = sourcecode.swift; path = TableChildExampleViewController.swift; sourceTree = "<group>"; };
		21402A9321427FFE001ED099 /* ThemeList.swift */ = {isa = PBXFileReference; lastKnownFileType = sourcecode.swift; path = ThemeList.swift; sourceTree = "<group>"; };
		2146638B2136A0B8009D9770 /* PackageList.swift */ = {isa = PBXFileReference; lastKnownFileType = sourcecode.swift; path = PackageList.swift; sourceTree = "<group>"; };
		214C608421301AA800A7A9D9 /* KTAwesomeCell.h */ = {isa = PBXFileReference; fileEncoding = 4; lastKnownFileType = sourcecode.c.h; path = KTAwesomeCell.h; sourceTree = "<group>"; };
		214C608521301AA800A7A9D9 /* KTAwesomeCell.m */ = {isa = PBXFileReference; fileEncoding = 4; lastKnownFileType = sourcecode.c.objc; path = KTAwesomeCell.m; sourceTree = "<group>"; };
		21672ADC212E795900F1F6C1 /* PackageDetailVC.swift */ = {isa = PBXFileReference; lastKnownFileType = sourcecode.swift; path = PackageDetailVC.swift; sourceTree = "<group>"; };
		21672AE6212E928800F1F6C1 /* PackageListCell.swift */ = {isa = PBXFileReference; lastKnownFileType = sourcecode.swift; path = PackageListCell.swift; sourceTree = "<group>"; };
		21672AE8212E930A00F1F6C1 /* PackageDetailCell.swift */ = {isa = PBXFileReference; lastKnownFileType = sourcecode.swift; path = PackageDetailCell.swift; sourceTree = "<group>"; };
		217067CD212BEA010003E665 /* TourAndTravelsApp.app */ = {isa = PBXFileReference; explicitFileType = wrapper.application; includeInIndex = 0; path = TourAndTravelsApp.app; sourceTree = BUILT_PRODUCTS_DIR; };
		217067DA212BEA020003E665 /* Base */ = {isa = PBXFileReference; lastKnownFileType = file.storyboard; name = Base; path = Base.lproj/LaunchScreen.storyboard; sourceTree = "<group>"; };
		217067DC212BEA020003E665 /* Info.plist */ = {isa = PBXFileReference; lastKnownFileType = text.plist.xml; path = Info.plist; sourceTree = "<group>"; };
		217067E1212BEA030003E665 /* TourAndTravelsAppTests.xctest */ = {isa = PBXFileReference; explicitFileType = wrapper.cfbundle; includeInIndex = 0; path = TourAndTravelsAppTests.xctest; sourceTree = BUILT_PRODUCTS_DIR; };
		217067E5212BEA030003E665 /* TourAndTravelsAppTests.swift */ = {isa = PBXFileReference; lastKnownFileType = sourcecode.swift; path = TourAndTravelsAppTests.swift; sourceTree = "<group>"; };
		217067E7212BEA030003E665 /* Info.plist */ = {isa = PBXFileReference; lastKnownFileType = text.plist.xml; path = Info.plist; sourceTree = "<group>"; };
		217067EC212BEA030003E665 /* TourAndTravelsAppUITests.xctest */ = {isa = PBXFileReference; explicitFileType = wrapper.cfbundle; includeInIndex = 0; path = TourAndTravelsAppUITests.xctest; sourceTree = BUILT_PRODUCTS_DIR; };
		217067F0212BEA030003E665 /* TourAndTravelsAppUITests.swift */ = {isa = PBXFileReference; lastKnownFileType = sourcecode.swift; path = TourAndTravelsAppUITests.swift; sourceTree = "<group>"; };
		217067F2212BEA030003E665 /* Info.plist */ = {isa = PBXFileReference; lastKnownFileType = text.plist.xml; path = Info.plist; sourceTree = "<group>"; };
		217067FE212BEA430003E665 /* SideMenuVc.swift */ = {isa = PBXFileReference; fileEncoding = 4; lastKnownFileType = sourcecode.swift; path = SideMenuVc.swift; sourceTree = "<group>"; };
		217067FF212BEA430003E665 /* ViewController.swift */ = {isa = PBXFileReference; fileEncoding = 4; lastKnownFileType = sourcecode.swift; path = ViewController.swift; sourceTree = "<group>"; };
		21706804212BEA540003E665 /* AppDelegate.swift */ = {isa = PBXFileReference; fileEncoding = 4; lastKnownFileType = sourcecode.swift; path = AppDelegate.swift; sourceTree = "<group>"; };
		21706806212BEA640003E665 /* TourAndTravelsApp-Bridging-Header.h */ = {isa = PBXFileReference; lastKnownFileType = sourcecode.c.h; path = "TourAndTravelsApp-Bridging-Header.h"; sourceTree = "<group>"; };
		21706808212BEA650003E665 /* SWRevealViewController.m */ = {isa = PBXFileReference; fileEncoding = 4; lastKnownFileType = sourcecode.c.objc; path = SWRevealViewController.m; sourceTree = "<group>"; };
		21706809212BEA650003E665 /* SWRevealViewController.h */ = {isa = PBXFileReference; fileEncoding = 4; lastKnownFileType = sourcecode.c.h; path = SWRevealViewController.h; sourceTree = "<group>"; };
		2170680E212BEABA0003E665 /* Assets.xcassets */ = {isa = PBXFileReference; lastKnownFileType = folder.assetcatalog; path = Assets.xcassets; sourceTree = "<group>"; };
		21706810212BEADB0003E665 /* Main.storyboard */ = {isa = PBXFileReference; fileEncoding = 4; lastKnownFileType = file.storyboard; path = Main.storyboard; sourceTree = "<group>"; };
		21901F67212D24180050DB7C /* Extensions.swift */ = {isa = PBXFileReference; fileEncoding = 4; lastKnownFileType = sourcecode.swift; path = Extensions.swift; sourceTree = "<group>"; };
		21901F6C212D244A0050DB7C /* CollapsibleTableViewCell.swift */ = {isa = PBXFileReference; fileEncoding = 4; lastKnownFileType = sourcecode.swift; path = CollapsibleTableViewCell.swift; sourceTree = "<group>"; };
		21901F72212D7AB80050DB7C /* PackagesListVC.swift */ = {isa = PBXFileReference; lastKnownFileType = sourcecode.swift; path = PackagesListVC.swift; sourceTree = "<group>"; };
		21ADC64D2133C722006BF58F /* DetailviewCell.swift */ = {isa = PBXFileReference; lastKnownFileType = sourcecode.swift; path = DetailviewCell.swift; sourceTree = "<group>"; };
		21ADC6502133CD78006BF58F /* LoginResponse.swift */ = {isa = PBXFileReference; lastKnownFileType = sourcecode.swift; path = LoginResponse.swift; sourceTree = "<group>"; };
		21ADC6522133D92B006BF58F /* RegisterResponse.swift */ = {isa = PBXFileReference; lastKnownFileType = sourcecode.swift; path = RegisterResponse.swift; sourceTree = "<group>"; };
		21CCFEF12137D1AA00DA6E5D /* DetailCellHistory.swift */ = {isa = PBXFileReference; lastKnownFileType = sourcecode.swift; path = DetailCellHistory.swift; sourceTree = "<group>"; };
		21CCFEF22137D1AA00DA6E5D /* DetailCellHistory.xib */ = {isa = PBXFileReference; lastKnownFileType = file.xib; path = DetailCellHistory.xib; sourceTree = "<group>"; };
		21DA5A79213FD98D00ADFF6E /* FlightCell.swift */ = {isa = PBXFileReference; lastKnownFileType = sourcecode.swift; path = FlightCell.swift; sourceTree = "<group>"; };
		21DC48532149038400DB244C /* BannerCell.swift */ = {isa = PBXFileReference; lastKnownFileType = sourcecode.swift; path = BannerCell.swift; sourceTree = "<group>"; };
		21DC48542149038400DB244C /* BannerCell.xib */ = {isa = PBXFileReference; lastKnownFileType = file.xib; path = BannerCell.xib; sourceTree = "<group>"; };
		21DC48572149231200DB244C /* UpdateProfileResponse.swift */ = {isa = PBXFileReference; lastKnownFileType = sourcecode.swift; path = UpdateProfileResponse.swift; sourceTree = "<group>"; };
		21DDF2EF213CF174004FA1EA /* ProfileVC.swift */ = {isa = PBXFileReference; lastKnownFileType = sourcecode.swift; path = ProfileVC.swift; sourceTree = "<group>"; };
		21DDF2F1213D152E004FA1EA /* PopularPackgesVC.swift */ = {isa = PBXFileReference; lastKnownFileType = sourcecode.swift; path = PopularPackgesVC.swift; sourceTree = "<group>"; };
		21DDF2F8213D1A4A004FA1EA /* PopularListCell.swift */ = {isa = PBXFileReference; lastKnownFileType = sourcecode.swift; path = PopularListCell.swift; sourceTree = "<group>"; };
		21DDF2F9213D1A4A004FA1EA /* PopularListCell.xib */ = {isa = PBXFileReference; lastKnownFileType = file.xib; path = PopularListCell.xib; sourceTree = "<group>"; };
		21EDCBE32143CBF00006EB58 /* FavouriteLstVc.swift */ = {isa = PBXFileReference; lastKnownFileType = sourcecode.swift; path = FavouriteLstVc.swift; sourceTree = "<group>"; };
		21EDCBE52143CC500006EB58 /* UserMerResponse.swift */ = {isa = PBXFileReference; lastKnownFileType = sourcecode.swift; path = UserMerResponse.swift; sourceTree = "<group>"; };
		21EDCBE72143D1730006EB58 /* FavouriteCell.swift */ = {isa = PBXFileReference; lastKnownFileType = sourcecode.swift; path = FavouriteCell.swift; sourceTree = "<group>"; };
		21EFCAAE214A469400FFD12C /* ContactUsVC.swift */ = {isa = PBXFileReference; lastKnownFileType = sourcecode.swift; path = ContactUsVC.swift; sourceTree = "<group>"; };
		21EFCAB0214A47ED00FFD12C /* MainVC.swift */ = {isa = PBXFileReference; fileEncoding = 4; lastKnownFileType = sourcecode.swift; path = MainVC.swift; sourceTree = "<group>"; };
		2F5364E316CD760975F0CA26 /* Pods-TourAndTravelsApp.release.xcconfig */ = {isa = PBXFileReference; includeInIndex = 1; lastKnownFileType = text.xcconfig; name = "Pods-TourAndTravelsApp.release.xcconfig"; path = "Pods/Target Support Files/Pods-TourAndTravelsApp/Pods-TourAndTravelsApp.release.xcconfig"; sourceTree = "<group>"; };
		40C11EB5BAA7796761378EF2 /* Pods_TourAndTravelsAppUITests.framework */ = {isa = PBXFileReference; explicitFileType = wrapper.framework; includeInIndex = 0; path = Pods_TourAndTravelsAppUITests.framework; sourceTree = BUILT_PRODUCTS_DIR; };
		6DC9F419B03255B64813C395 /* Pods-TourAndTravelsAppUITests.release.xcconfig */ = {isa = PBXFileReference; includeInIndex = 1; lastKnownFileType = text.xcconfig; name = "Pods-TourAndTravelsAppUITests.release.xcconfig"; path = "Pods/Target Support Files/Pods-TourAndTravelsAppUITests/Pods-TourAndTravelsAppUITests.release.xcconfig"; sourceTree = "<group>"; };
		B24AA2E5F0D300671DDDD000 /* Pods_TourAndTravelsAppTests.framework */ = {isa = PBXFileReference; explicitFileType = wrapper.framework; includeInIndex = 0; path = Pods_TourAndTravelsAppTests.framework; sourceTree = BUILT_PRODUCTS_DIR; };
		B9D31BE957B485F42FBEA823 /* Pods-TourAndTravelsAppUITests.debug.xcconfig */ = {isa = PBXFileReference; includeInIndex = 1; lastKnownFileType = text.xcconfig; name = "Pods-TourAndTravelsAppUITests.debug.xcconfig"; path = "Pods/Target Support Files/Pods-TourAndTravelsAppUITests/Pods-TourAndTravelsAppUITests.debug.xcconfig"; sourceTree = "<group>"; };
		D9CDCEC4E0BEF244058267BC /* Pods-TourAndTravelsAppTests.release.xcconfig */ = {isa = PBXFileReference; includeInIndex = 1; lastKnownFileType = text.xcconfig; name = "Pods-TourAndTravelsAppTests.release.xcconfig"; path = "Pods/Target Support Files/Pods-TourAndTravelsAppTests/Pods-TourAndTravelsAppTests.release.xcconfig"; sourceTree = "<group>"; };
		DFE755C06097EB1B710441AE /* Pods_TourAndTravelsApp.framework */ = {isa = PBXFileReference; explicitFileType = wrapper.framework; includeInIndex = 0; path = Pods_TourAndTravelsApp.framework; sourceTree = BUILT_PRODUCTS_DIR; };
		EA740C67CF0B0988FE92F916 /* Pods-TourAndTravelsApp.debug.xcconfig */ = {isa = PBXFileReference; includeInIndex = 1; lastKnownFileType = text.xcconfig; name = "Pods-TourAndTravelsApp.debug.xcconfig"; path = "Pods/Target Support Files/Pods-TourAndTravelsApp/Pods-TourAndTravelsApp.debug.xcconfig"; sourceTree = "<group>"; };
		FF864DE3DC4C1AFBD107B650 /* Pods-TourAndTravelsAppTests.debug.xcconfig */ = {isa = PBXFileReference; includeInIndex = 1; lastKnownFileType = text.xcconfig; name = "Pods-TourAndTravelsAppTests.debug.xcconfig"; path = "Pods/Target Support Files/Pods-TourAndTravelsAppTests/Pods-TourAndTravelsAppTests.debug.xcconfig"; sourceTree = "<group>"; };
/* End PBXFileReference section */

/* Begin PBXFrameworksBuildPhase section */
		217067CA212BEA010003E665 /* Frameworks */ = {
			isa = PBXFrameworksBuildPhase;
			buildActionMask = 2147483647;
			files = (
				9EA11222700F532ABE03168A /* Pods_TourAndTravelsApp.framework in Frameworks */,
			);
			runOnlyForDeploymentPostprocessing = 0;
		};
		217067DE212BEA030003E665 /* Frameworks */ = {
			isa = PBXFrameworksBuildPhase;
			buildActionMask = 2147483647;
			files = (
				F570AF895BCF1AE292ED8491 /* Pods_TourAndTravelsAppTests.framework in Frameworks */,
			);
			runOnlyForDeploymentPostprocessing = 0;
		};
		217067E9212BEA030003E665 /* Frameworks */ = {
			isa = PBXFrameworksBuildPhase;
			buildActionMask = 2147483647;
			files = (
				F5072E76DCEBE56128546162 /* Pods_TourAndTravelsAppUITests.framework in Frameworks */,
			);
			runOnlyForDeploymentPostprocessing = 0;
		};
/* End PBXFrameworksBuildPhase section */

/* Begin PBXGroup section */
		213C7B4A213E98A400D34871 /* PopUp */ = {
			isa = PBXGroup;
			children = (
				2119E44C2148D0E800019801 /* ReviewPopUp.swift */,
			);
			path = PopUp;
			sourceTree = "<group>";
		};
		217067C4212BEA010003E665 = {
			isa = PBXGroup;
			children = (
				217067CF212BEA010003E665 /* TourAndTravelsApp */,
				217067E4212BEA030003E665 /* TourAndTravelsAppTests */,
				217067EF212BEA030003E665 /* TourAndTravelsAppUITests */,
				217067CE212BEA010003E665 /* Products */,
				9F10B287E2390B445A3C3DD1 /* Pods */,
				C5B1A2220B9F5C84BDFDE089 /* Frameworks */,
			);
			sourceTree = "<group>";
		};
		217067CE212BEA010003E665 /* Products */ = {
			isa = PBXGroup;
			children = (
				217067CD212BEA010003E665 /* TourAndTravelsApp.app */,
				217067E1212BEA030003E665 /* TourAndTravelsAppTests.xctest */,
				217067EC212BEA030003E665 /* TourAndTravelsAppUITests.xctest */,
			);
			name = Products;
			sourceTree = "<group>";
		};
		217067CF212BEA010003E665 /* TourAndTravelsApp */ = {
			isa = PBXGroup;
			children = (
				213C7B4A213E98A400D34871 /* PopUp */,
				21ADC64F2133CCD2006BF58F /* Models */,
				2170680C212BEA850003E665 /* Delegates */,
				21DDF2F3213D19CC004FA1EA /* CollectionviewCells */,
				21901F6B212D242B0050DB7C /* TableviewCells */,
				2170680B212BEA760003E665 /* helper */,
				2170680D212BEA970003E665 /* ViewControllers */,
				217067D9212BEA020003E665 /* LaunchScreen.storyboard */,
				21706810212BEADB0003E665 /* Main.storyboard */,
				217067DC212BEA020003E665 /* Info.plist */,
				2170680E212BEABA0003E665 /* Assets.xcassets */,
			);
			path = TourAndTravelsApp;
			sourceTree = "<group>";
		};
		217067E4212BEA030003E665 /* TourAndTravelsAppTests */ = {
			isa = PBXGroup;
			children = (
				217067E5212BEA030003E665 /* TourAndTravelsAppTests.swift */,
				217067E7212BEA030003E665 /* Info.plist */,
			);
			path = TourAndTravelsAppTests;
			sourceTree = "<group>";
		};
		217067EF212BEA030003E665 /* TourAndTravelsAppUITests */ = {
			isa = PBXGroup;
			children = (
				217067F0212BEA030003E665 /* TourAndTravelsAppUITests.swift */,
				217067F2212BEA030003E665 /* Info.plist */,
			);
			path = TourAndTravelsAppUITests;
			sourceTree = "<group>";
		};
		2170680B212BEA760003E665 /* helper */ = {
			isa = PBXGroup;
			children = (
				2124474521422DCC0002AFF1 /* Checkbox.swift */,
				214C608421301AA800A7A9D9 /* KTAwesomeCell.h */,
				214C608521301AA800A7A9D9 /* KTAwesomeCell.m */,
				213AD661213015A600B67567 /* KTCenterFlowLayout.h */,
				213AD660213015A600B67567 /* KTCenterFlowLayout.m */,
				21901F67212D24180050DB7C /* Extensions.swift */,
				210906E8212BF0E200CB49B2 /* webservices.swift */,
				21706809212BEA650003E665 /* SWRevealViewController.h */,
				21706808212BEA650003E665 /* SWRevealViewController.m */,
				21706806212BEA640003E665 /* TourAndTravelsApp-Bridging-Header.h */,
			);
			path = helper;
			sourceTree = "<group>";
		};
		2170680C212BEA850003E665 /* Delegates */ = {
			isa = PBXGroup;
			children = (
				21706804212BEA540003E665 /* AppDelegate.swift */,
			);
			path = Delegates;
			sourceTree = "<group>";
		};
		2170680D212BEA970003E665 /* ViewControllers */ = {
			isa = PBXGroup;
			children = (
				21EFCAB0214A47ED00FFD12C /* MainVC.swift */,
				2114E7F421469830001761B6 /* NewSignUpVC.swift */,
				21EFCAAE214A469400FFD12C /* ContactUsVC.swift */,
				2114E7F02146528C001761B6 /* NewLoginVc.swift */,
				2114E7F2214687AC001761B6 /* OtpVC.swift */,
				217067FF212BEA430003E665 /* ViewController.swift */,
				217067FE212BEA430003E665 /* SideMenuVc.swift */,
				21901F72212D7AB80050DB7C /* PackagesListVC.swift */,
				21672ADC212E795900F1F6C1 /* PackageDetailVC.swift */,
				212B72B621356E1E00B80A60 /* FullScheduleVC.swift */,
				21DDF2EF213CF174004FA1EA /* ProfileVC.swift */,
				21DDF2F1213D152E004FA1EA /* PopularPackgesVC.swift */,
				213C7B46213E696A00D34871 /* FulliternityVC.swift */,
				213C7B48213E6BC200D34871 /* TableChildExampleViewController.swift */,
				210EFECE21415BE900B51BF8 /* SearchVC.swift */,
				21EDCBE32143CBF00006EB58 /* FavouriteLstVc.swift */,
				2119E44E2148ED9E00019801 /* ReviewListVC.swift */,
			);
			path = ViewControllers;
			sourceTree = "<group>";
		};
		21901F6B212D242B0050DB7C /* TableviewCells */ = {
			isa = PBXGroup;
			children = (
				2124E3BF2137CCDF00182399 /* HotelCheckinCell.swift */,
				2124E3C02137CCDF00182399 /* HotelCheckinCell.xib */,
				210E45D3213660E900D60AE6 /* DepartureCell.swift */,
				210E45D4213660E900D60AE6 /* DepartureCell.xib */,
				21901F6C212D244A0050DB7C /* CollapsibleTableViewCell.swift */,
				21672AE8212E930A00F1F6C1 /* PackageDetailCell.swift */,
				21ADC64D2133C722006BF58F /* DetailviewCell.swift */,
				21672AE6212E928800F1F6C1 /* PackageListCell.swift */,
				21291B7921367ADF0001BA7D /* SearchCityCell.swift */,
				21CCFEF12137D1AA00DA6E5D /* DetailCellHistory.swift */,
				21CCFEF22137D1AA00DA6E5D /* DetailCellHistory.xib */,
			);
			path = TableviewCells;
			sourceTree = "<group>";
		};
		21ADC64F2133CCD2006BF58F /* Models */ = {
			isa = PBXGroup;
			children = (
				21EDCBE52143CC500006EB58 /* UserMerResponse.swift */,
				21ADC6502133CD78006BF58F /* LoginResponse.swift */,
				21ADC6522133D92B006BF58F /* RegisterResponse.swift */,
				21291B7B213681CC0001BA7D /* CityResponse.swift */,
				2146638B2136A0B8009D9770 /* PackageList.swift */,
				21402A9321427FFE001ED099 /* ThemeList.swift */,
				212D31212147961900DBA0E1 /* HomeResponse.swift */,
				21DC48572149231200DB244C /* UpdateProfileResponse.swift */,
			);
			path = Models;
			sourceTree = "<group>";
		};
		21DDF2F3213D19CC004FA1EA /* CollectionviewCells */ = {
			isa = PBXGroup;
			children = (
				21DDF2F8213D1A4A004FA1EA /* PopularListCell.swift */,
				21DDF2F9213D1A4A004FA1EA /* PopularListCell.xib */,
				212AE75F213FC3630091DEAE /* HotelListCell.swift */,
				212AE761213FC3810091DEAE /* HotelGridCell.swift */,
				21DA5A79213FD98D00ADFF6E /* FlightCell.swift */,
				2124474921423F1D0002AFF1 /* CheckBoxCell.swift */,
				21EDCBE72143D1730006EB58 /* FavouriteCell.swift */,
				212D31232147EA5100DBA0E1 /* ReviewCell.swift */,
				21DC48532149038400DB244C /* BannerCell.swift */,
				21DC48542149038400DB244C /* BannerCell.xib */,
			);
			path = CollectionviewCells;
			sourceTree = "<group>";
		};
		9F10B287E2390B445A3C3DD1 /* Pods */ = {
			isa = PBXGroup;
			children = (
				EA740C67CF0B0988FE92F916 /* Pods-TourAndTravelsApp.debug.xcconfig */,
				2F5364E316CD760975F0CA26 /* Pods-TourAndTravelsApp.release.xcconfig */,
				FF864DE3DC4C1AFBD107B650 /* Pods-TourAndTravelsAppTests.debug.xcconfig */,
				D9CDCEC4E0BEF244058267BC /* Pods-TourAndTravelsAppTests.release.xcconfig */,
				B9D31BE957B485F42FBEA823 /* Pods-TourAndTravelsAppUITests.debug.xcconfig */,
				6DC9F419B03255B64813C395 /* Pods-TourAndTravelsAppUITests.release.xcconfig */,
			);
			name = Pods;
			sourceTree = "<group>";
		};
		C5B1A2220B9F5C84BDFDE089 /* Frameworks */ = {
			isa = PBXGroup;
			children = (
				DFE755C06097EB1B710441AE /* Pods_TourAndTravelsApp.framework */,
				B24AA2E5F0D300671DDDD000 /* Pods_TourAndTravelsAppTests.framework */,
				40C11EB5BAA7796761378EF2 /* Pods_TourAndTravelsAppUITests.framework */,
			);
			name = Frameworks;
			sourceTree = "<group>";
		};
/* End PBXGroup section */

/* Begin PBXNativeTarget section */
		217067CC212BEA010003E665 /* TourAndTravelsApp */ = {
			isa = PBXNativeTarget;
			buildConfigurationList = 217067F5212BEA030003E665 /* Build configuration list for PBXNativeTarget "TourAndTravelsApp" */;
			buildPhases = (
				1FF4AF30F0B47F466722458F /* [CP] Check Pods Manifest.lock */,
				217067C9212BEA010003E665 /* Sources */,
				217067CA212BEA010003E665 /* Frameworks */,
				217067CB212BEA010003E665 /* Resources */,
				BB1D29D88AC6F7A72F410699 /* [CP] Embed Pods Frameworks */,
				B21E0B382EF2CA8A0AF1C345 /* [CP] Copy Pods Resources */,
			);
			buildRules = (
			);
			dependencies = (
			);
			name = TourAndTravelsApp;
			productName = TourAndTravelsApp;
			productReference = 217067CD212BEA010003E665 /* TourAndTravelsApp.app */;
			productType = "com.apple.product-type.application";
		};
		217067E0212BEA030003E665 /* TourAndTravelsAppTests */ = {
			isa = PBXNativeTarget;
			buildConfigurationList = 217067F8212BEA030003E665 /* Build configuration list for PBXNativeTarget "TourAndTravelsAppTests" */;
			buildPhases = (
				C01DC74938BDAB285B5C2D1D /* [CP] Check Pods Manifest.lock */,
				217067DD212BEA030003E665 /* Sources */,
				217067DE212BEA030003E665 /* Frameworks */,
				217067DF212BEA030003E665 /* Resources */,
			);
			buildRules = (
			);
			dependencies = (
				217067E3212BEA030003E665 /* PBXTargetDependency */,
			);
			name = TourAndTravelsAppTests;
			productName = TourAndTravelsAppTests;
			productReference = 217067E1212BEA030003E665 /* TourAndTravelsAppTests.xctest */;
			productType = "com.apple.product-type.bundle.unit-test";
		};
		217067EB212BEA030003E665 /* TourAndTravelsAppUITests */ = {
			isa = PBXNativeTarget;
			buildConfigurationList = 217067FB212BEA030003E665 /* Build configuration list for PBXNativeTarget "TourAndTravelsAppUITests" */;
			buildPhases = (
				7C2E8E4BDA5377DF23C3D037 /* [CP] Check Pods Manifest.lock */,
				217067E8212BEA030003E665 /* Sources */,
				217067E9212BEA030003E665 /* Frameworks */,
				217067EA212BEA030003E665 /* Resources */,
			);
			buildRules = (
			);
			dependencies = (
				217067EE212BEA030003E665 /* PBXTargetDependency */,
			);
			name = TourAndTravelsAppUITests;
			productName = TourAndTravelsAppUITests;
			productReference = 217067EC212BEA030003E665 /* TourAndTravelsAppUITests.xctest */;
			productType = "com.apple.product-type.bundle.ui-testing";
		};
/* End PBXNativeTarget section */

/* Begin PBXProject section */
		217067C5212BEA010003E665 /* Project object */ = {
			isa = PBXProject;
			attributes = {
				LastSwiftUpdateCheck = 0940;
				LastUpgradeCheck = 0940;
				ORGANIZATIONNAME = "Ravi Dubey";
				TargetAttributes = {
					217067CC212BEA010003E665 = {
						CreatedOnToolsVersion = 9.4.1;
						LastSwiftMigration = 0940;
					};
					217067E0212BEA030003E665 = {
						CreatedOnToolsVersion = 9.4.1;
						TestTargetID = 217067CC212BEA010003E665;
					};
					217067EB212BEA030003E665 = {
						CreatedOnToolsVersion = 9.4.1;
						TestTargetID = 217067CC212BEA010003E665;
					};
				};
			};
			buildConfigurationList = 217067C8212BEA010003E665 /* Build configuration list for PBXProject "TourAndTravelsApp" */;
			compatibilityVersion = "Xcode 9.3";
			developmentRegion = en;
			hasScannedForEncodings = 0;
			knownRegions = (
				en,
				Base,
			);
			mainGroup = 217067C4212BEA010003E665;
			productRefGroup = 217067CE212BEA010003E665 /* Products */;
			projectDirPath = "";
			projectRoot = "";
			targets = (
				217067CC212BEA010003E665 /* TourAndTravelsApp */,
				217067E0212BEA030003E665 /* TourAndTravelsAppTests */,
				217067EB212BEA030003E665 /* TourAndTravelsAppUITests */,
			);
		};
/* End PBXProject section */

/* Begin PBXResourcesBuildPhase section */
		217067CB212BEA010003E665 /* Resources */ = {
			isa = PBXResourcesBuildPhase;
			buildActionMask = 2147483647;
			files = (
				2124E3C22137CCDF00182399 /* HotelCheckinCell.xib in Resources */,
				21706811212BEADB0003E665 /* Main.storyboard in Resources */,
				21CCFEF42137D1AA00DA6E5D /* DetailCellHistory.xib in Resources */,
				21DDF2FB213D1A4A004FA1EA /* PopularListCell.xib in Resources */,
				21DC48562149038400DB244C /* BannerCell.xib in Resources */,
				210E45D6213660E900D60AE6 /* DepartureCell.xib in Resources */,
				2170680F212BEABB0003E665 /* Assets.xcassets in Resources */,
				217067DB212BEA020003E665 /* LaunchScreen.storyboard in Resources */,
			);
			runOnlyForDeploymentPostprocessing = 0;
		};
		217067DF212BEA030003E665 /* Resources */ = {
			isa = PBXResourcesBuildPhase;
			buildActionMask = 2147483647;
			files = (
			);
			runOnlyForDeploymentPostprocessing = 0;
		};
		217067EA212BEA030003E665 /* Resources */ = {
			isa = PBXResourcesBuildPhase;
			buildActionMask = 2147483647;
			files = (
			);
			runOnlyForDeploymentPostprocessing = 0;
		};
/* End PBXResourcesBuildPhase section */

/* Begin PBXShellScriptBuildPhase section */
		1FF4AF30F0B47F466722458F /* [CP] Check Pods Manifest.lock */ = {
			isa = PBXShellScriptBuildPhase;
			buildActionMask = 2147483647;
			files = (
			);
			inputPaths = (
				"${PODS_PODFILE_DIR_PATH}/Podfile.lock",
				"${PODS_ROOT}/Manifest.lock",
			);
			name = "[CP] Check Pods Manifest.lock";
			outputPaths = (
				"$(DERIVED_FILE_DIR)/Pods-TourAndTravelsApp-checkManifestLockResult.txt",
			);
			runOnlyForDeploymentPostprocessing = 0;
			shellPath = /bin/sh;
			shellScript = "diff \"${PODS_PODFILE_DIR_PATH}/Podfile.lock\" \"${PODS_ROOT}/Manifest.lock\" > /dev/null\nif [ $? != 0 ] ; then\n    # print error to STDERR\n    echo \"error: The sandbox is not in sync with the Podfile.lock. Run 'pod install' or update your CocoaPods installation.\" >&2\n    exit 1\nfi\n# This output is used by Xcode 'outputs' to avoid re-running this script phase.\necho \"SUCCESS\" > \"${SCRIPT_OUTPUT_FILE_0}\"\n";
			showEnvVarsInLog = 0;
		};
		7C2E8E4BDA5377DF23C3D037 /* [CP] Check Pods Manifest.lock */ = {
			isa = PBXShellScriptBuildPhase;
			buildActionMask = 2147483647;
			files = (
			);
			inputPaths = (
				"${PODS_PODFILE_DIR_PATH}/Podfile.lock",
				"${PODS_ROOT}/Manifest.lock",
			);
			name = "[CP] Check Pods Manifest.lock";
			outputPaths = (
				"$(DERIVED_FILE_DIR)/Pods-TourAndTravelsAppUITests-checkManifestLockResult.txt",
			);
			runOnlyForDeploymentPostprocessing = 0;
			shellPath = /bin/sh;
			shellScript = "diff \"${PODS_PODFILE_DIR_PATH}/Podfile.lock\" \"${PODS_ROOT}/Manifest.lock\" > /dev/null\nif [ $? != 0 ] ; then\n    # print error to STDERR\n    echo \"error: The sandbox is not in sync with the Podfile.lock. Run 'pod install' or update your CocoaPods installation.\" >&2\n    exit 1\nfi\n# This output is used by Xcode 'outputs' to avoid re-running this script phase.\necho \"SUCCESS\" > \"${SCRIPT_OUTPUT_FILE_0}\"\n";
			showEnvVarsInLog = 0;
		};
		B21E0B382EF2CA8A0AF1C345 /* [CP] Copy Pods Resources */ = {
			isa = PBXShellScriptBuildPhase;
			buildActionMask = 2147483647;
			files = (
			);
			inputPaths = (
				"${SRCROOT}/Pods/Target Support Files/Pods-TourAndTravelsApp/Pods-TourAndTravelsApp-resources.sh",
				"${PODS_ROOT}/GoogleMaps/Maps/Frameworks/GoogleMaps.framework/Resources/GoogleMaps.bundle",
				"${PODS_ROOT}/GooglePlacePicker/Frameworks/GooglePlacePicker.framework/Resources/GooglePlacePicker.bundle",
				"${PODS_ROOT}/GooglePlaces/Frameworks/GooglePlaces.framework/Resources/GooglePlaces.bundle",
			);
			name = "[CP] Copy Pods Resources";
			outputPaths = (
				"${TARGET_BUILD_DIR}/${UNLOCALIZED_RESOURCES_FOLDER_PATH}/GoogleMaps.bundle",
				"${TARGET_BUILD_DIR}/${UNLOCALIZED_RESOURCES_FOLDER_PATH}/GooglePlacePicker.bundle",
				"${TARGET_BUILD_DIR}/${UNLOCALIZED_RESOURCES_FOLDER_PATH}/GooglePlaces.bundle",
			);
			runOnlyForDeploymentPostprocessing = 0;
			shellPath = /bin/sh;
			shellScript = "\"${SRCROOT}/Pods/Target Support Files/Pods-TourAndTravelsApp/Pods-TourAndTravelsApp-resources.sh\"\n";
			showEnvVarsInLog = 0;
		};
		BB1D29D88AC6F7A72F410699 /* [CP] Embed Pods Frameworks */ = {
			isa = PBXShellScriptBuildPhase;
			buildActionMask = 2147483647;
			files = (
			);
			inputPaths = (
				"${SRCROOT}/Pods/Target Support Files/Pods-TourAndTravelsApp/Pods-TourAndTravelsApp-frameworks.sh",
				"${BUILT_PRODUCTS_DIR}/Alamofire/Alamofire.framework",
				"${BUILT_PRODUCTS_DIR}/FSPagerView/FSPagerView.framework",
				"${BUILT_PRODUCTS_DIR}/FloatRatingView/FloatRatingView.framework",
				"${BUILT_PRODUCTS_DIR}/IQKeyboardManagerSwift/IQKeyboardManagerSwift.framework",
				"${BUILT_PRODUCTS_DIR}/MXParallaxHeader/MXParallaxHeader.framework",
				"${BUILT_PRODUCTS_DIR}/PKHUD/PKHUD.framework",
				"${BUILT_PRODUCTS_DIR}/SDWebImage/SDWebImage.framework",
				"${BUILT_PRODUCTS_DIR}/SVPinView/SVPinView.framework",
				"${BUILT_PRODUCTS_DIR}/SkyFloatingLabelTextField/SkyFloatingLabelTextField.framework",
				"${BUILT_PRODUCTS_DIR}/XLPagerTabStrip/XLPagerTabStrip.framework",
			);
			name = "[CP] Embed Pods Frameworks";
			outputPaths = (
				"${TARGET_BUILD_DIR}/${FRAMEWORKS_FOLDER_PATH}/Alamofire.framework",
				"${TARGET_BUILD_DIR}/${FRAMEWORKS_FOLDER_PATH}/FSPagerView.framework",
				"${TARGET_BUILD_DIR}/${FRAMEWORKS_FOLDER_PATH}/FloatRatingView.framework",
				"${TARGET_BUILD_DIR}/${FRAMEWORKS_FOLDER_PATH}/IQKeyboardManagerSwift.framework",
				"${TARGET_BUILD_DIR}/${FRAMEWORKS_FOLDER_PATH}/MXParallaxHeader.framework",
				"${TARGET_BUILD_DIR}/${FRAMEWORKS_FOLDER_PATH}/PKHUD.framework",
				"${TARGET_BUILD_DIR}/${FRAMEWORKS_FOLDER_PATH}/SDWebImage.framework",
				"${TARGET_BUILD_DIR}/${FRAMEWORKS_FOLDER_PATH}/SVPinView.framework",
				"${TARGET_BUILD_DIR}/${FRAMEWORKS_FOLDER_PATH}/SkyFloatingLabelTextField.framework",
				"${TARGET_BUILD_DIR}/${FRAMEWORKS_FOLDER_PATH}/XLPagerTabStrip.framework",
			);
			runOnlyForDeploymentPostprocessing = 0;
			shellPath = /bin/sh;
			shellScript = "\"${SRCROOT}/Pods/Target Support Files/Pods-TourAndTravelsApp/Pods-TourAndTravelsApp-frameworks.sh\"\n";
			showEnvVarsInLog = 0;
		};
		C01DC74938BDAB285B5C2D1D /* [CP] Check Pods Manifest.lock */ = {
			isa = PBXShellScriptBuildPhase;
			buildActionMask = 2147483647;
			files = (
			);
			inputPaths = (
				"${PODS_PODFILE_DIR_PATH}/Podfile.lock",
				"${PODS_ROOT}/Manifest.lock",
			);
			name = "[CP] Check Pods Manifest.lock";
			outputPaths = (
				"$(DERIVED_FILE_DIR)/Pods-TourAndTravelsAppTests-checkManifestLockResult.txt",
			);
			runOnlyForDeploymentPostprocessing = 0;
			shellPath = /bin/sh;
			shellScript = "diff \"${PODS_PODFILE_DIR_PATH}/Podfile.lock\" \"${PODS_ROOT}/Manifest.lock\" > /dev/null\nif [ $? != 0 ] ; then\n    # print error to STDERR\n    echo \"error: The sandbox is not in sync with the Podfile.lock. Run 'pod install' or update your CocoaPods installation.\" >&2\n    exit 1\nfi\n# This output is used by Xcode 'outputs' to avoid re-running this script phase.\necho \"SUCCESS\" > \"${SCRIPT_OUTPUT_FILE_0}\"\n";
			showEnvVarsInLog = 0;
		};
/* End PBXShellScriptBuildPhase section */

/* Begin PBXSourcesBuildPhase section */
		217067C9212BEA010003E665 /* Sources */ = {
			isa = PBXSourcesBuildPhase;
			buildActionMask = 2147483647;
			files = (
				21706805212BEA540003E665 /* AppDelegate.swift in Sources */,
				214C608621301AA800A7A9D9 /* KTAwesomeCell.m in Sources */,
				21EDCBE62143CC500006EB58 /* UserMerResponse.swift in Sources */,
				21291B7A21367ADF0001BA7D /* SearchCityCell.swift in Sources */,
				21DDF2F2213D152E004FA1EA /* PopularPackgesVC.swift in Sources */,
				212AE760213FC3630091DEAE /* HotelListCell.swift in Sources */,
				21EFCAB4214A47F100FFD12C /* MainVC.swift in Sources */,
				212B72B721356E1E00B80A60 /* FullScheduleVC.swift in Sources */,
				21ADC6512133CD78006BF58F /* LoginResponse.swift in Sources */,
				21901F6D212D244A0050DB7C /* CollapsibleTableViewCell.swift in Sources */,
				212D31242147EA5100DBA0E1 /* ReviewCell.swift in Sources */,
				21901F73212D7AB80050DB7C /* PackagesListVC.swift in Sources */,
				2124474A21423F1D0002AFF1 /* CheckBoxCell.swift in Sources */,
				210EFECF21415BE900B51BF8 /* SearchVC.swift in Sources */,
				21EDCBE82143D1730006EB58 /* FavouriteCell.swift in Sources */,
				21ADC6532133D92B006BF58F /* RegisterResponse.swift in Sources */,
				21DDF2F0213CF174004FA1EA /* ProfileVC.swift in Sources */,
				2114E7F12146528C001761B6 /* NewLoginVc.swift in Sources */,
				21402A9421427FFE001ED099 /* ThemeList.swift in Sources */,
				2119E44D2148D0E800019801 /* ReviewPopUp.swift in Sources */,
				21EFCAAF214A469400FFD12C /* ContactUsVC.swift in Sources */,
				21EDCBE42143CBF00006EB58 /* FavouriteLstVc.swift in Sources */,
				21DC48552149038400DB244C /* BannerCell.swift in Sources */,
				2124E3C12137CCDF00182399 /* HotelCheckinCell.swift in Sources */,
				21CCFEF32137D1AA00DA6E5D /* DetailCellHistory.swift in Sources */,
				21706802212BEA440003E665 /* ViewController.swift in Sources */,
				210906E9212BF0E200CB49B2 /* webservices.swift in Sources */,
				21DC48582149231200DB244C /* UpdateProfileResponse.swift in Sources */,
				210E45D5213660E900D60AE6 /* DepartureCell.swift in Sources */,
				2170680A212BEA660003E665 /* SWRevealViewController.m in Sources */,
				21ADC64E2133C722006BF58F /* DetailviewCell.swift in Sources */,
				21291B7C213681CC0001BA7D /* CityResponse.swift in Sources */,
				213AD662213015A600B67567 /* KTCenterFlowLayout.m in Sources */,
				2124474621422DCD0002AFF1 /* Checkbox.swift in Sources */,
				21901F6A212D24180050DB7C /* Extensions.swift in Sources */,
				2119E44F2148ED9E00019801 /* ReviewListVC.swift in Sources */,
				2146638C2136A0B8009D9770 /* PackageList.swift in Sources */,
				2114E7F521469830001761B6 /* NewSignUpVC.swift in Sources */,
				212D31222147961900DBA0E1 /* HomeResponse.swift in Sources */,
				2114E7F3214687AC001761B6 /* OtpVC.swift in Sources */,
				21DA5A7A213FD98D00ADFF6E /* FlightCell.swift in Sources */,
				21DDF2FA213D1A4A004FA1EA /* PopularListCell.swift in Sources */,
				21706801212BEA440003E665 /* SideMenuVc.swift in Sources */,
				21672AE7212E928800F1F6C1 /* PackageListCell.swift in Sources */,
				212AE762213FC3810091DEAE /* HotelGridCell.swift in Sources */,
				213C7B47213E696A00D34871 /* FulliternityVC.swift in Sources */,
				21672AE9212E930A00F1F6C1 /* PackageDetailCell.swift in Sources */,
				21672ADD212E795900F1F6C1 /* PackageDetailVC.swift in Sources */,
				213C7B49213E6BC200D34871 /* TableChildExampleViewController.swift in Sources */,
			);
			runOnlyForDeploymentPostprocessing = 0;
		};
		217067DD212BEA030003E665 /* Sources */ = {
			isa = PBXSourcesBuildPhase;
			buildActionMask = 2147483647;
			files = (
				217067E6212BEA030003E665 /* TourAndTravelsAppTests.swift in Sources */,
			);
			runOnlyForDeploymentPostprocessing = 0;
		};
		217067E8212BEA030003E665 /* Sources */ = {
			isa = PBXSourcesBuildPhase;
			buildActionMask = 2147483647;
			files = (
				217067F1212BEA030003E665 /* TourAndTravelsAppUITests.swift in Sources */,
			);
			runOnlyForDeploymentPostprocessing = 0;
		};
/* End PBXSourcesBuildPhase section */

/* Begin PBXTargetDependency section */
		217067E3212BEA030003E665 /* PBXTargetDependency */ = {
			isa = PBXTargetDependency;
			target = 217067CC212BEA010003E665 /* TourAndTravelsApp */;
			targetProxy = 217067E2212BEA030003E665 /* PBXContainerItemProxy */;
		};
		217067EE212BEA030003E665 /* PBXTargetDependency */ = {
			isa = PBXTargetDependency;
			target = 217067CC212BEA010003E665 /* TourAndTravelsApp */;
			targetProxy = 217067ED212BEA030003E665 /* PBXContainerItemProxy */;
		};
/* End PBXTargetDependency section */

/* Begin PBXVariantGroup section */
		217067D9212BEA020003E665 /* LaunchScreen.storyboard */ = {
			isa = PBXVariantGroup;
			children = (
				217067DA212BEA020003E665 /* Base */,
			);
			name = LaunchScreen.storyboard;
			sourceTree = "<group>";
		};
/* End PBXVariantGroup section */

/* Begin XCBuildConfiguration section */
		217067F3212BEA030003E665 /* Debug */ = {
			isa = XCBuildConfiguration;
			buildSettings = {
				ALWAYS_SEARCH_USER_PATHS = NO;
				CLANG_ANALYZER_NONNULL = YES;
				CLANG_ANALYZER_NUMBER_OBJECT_CONVERSION = YES_AGGRESSIVE;
				CLANG_CXX_LANGUAGE_STANDARD = "gnu++14";
				CLANG_CXX_LIBRARY = "libc++";
				CLANG_ENABLE_MODULES = YES;
				CLANG_ENABLE_OBJC_ARC = YES;
				CLANG_ENABLE_OBJC_WEAK = YES;
				CLANG_WARN_BLOCK_CAPTURE_AUTORELEASING = YES;
				CLANG_WARN_BOOL_CONVERSION = YES;
				CLANG_WARN_COMMA = YES;
				CLANG_WARN_CONSTANT_CONVERSION = YES;
				CLANG_WARN_DEPRECATED_OBJC_IMPLEMENTATIONS = YES;
				CLANG_WARN_DIRECT_OBJC_ISA_USAGE = YES_ERROR;
				CLANG_WARN_DOCUMENTATION_COMMENTS = YES;
				CLANG_WARN_EMPTY_BODY = YES;
				CLANG_WARN_ENUM_CONVERSION = YES;
				CLANG_WARN_INFINITE_RECURSION = YES;
				CLANG_WARN_INT_CONVERSION = YES;
				CLANG_WARN_NON_LITERAL_NULL_CONVERSION = YES;
				CLANG_WARN_OBJC_IMPLICIT_RETAIN_SELF = YES;
				CLANG_WARN_OBJC_LITERAL_CONVERSION = YES;
				CLANG_WARN_OBJC_ROOT_CLASS = YES_ERROR;
				CLANG_WARN_RANGE_LOOP_ANALYSIS = YES;
				CLANG_WARN_STRICT_PROTOTYPES = YES;
				CLANG_WARN_SUSPICIOUS_MOVE = YES;
				CLANG_WARN_UNGUARDED_AVAILABILITY = YES_AGGRESSIVE;
				CLANG_WARN_UNREACHABLE_CODE = YES;
				CLANG_WARN__DUPLICATE_METHOD_MATCH = YES;
				CODE_SIGN_IDENTITY = "iPhone Developer";
				COPY_PHASE_STRIP = NO;
				DEBUG_INFORMATION_FORMAT = dwarf;
				ENABLE_STRICT_OBJC_MSGSEND = YES;
				ENABLE_TESTABILITY = YES;
				GCC_C_LANGUAGE_STANDARD = gnu11;
				GCC_DYNAMIC_NO_PIC = NO;
				GCC_NO_COMMON_BLOCKS = YES;
				GCC_OPTIMIZATION_LEVEL = 0;
				GCC_PREPROCESSOR_DEFINITIONS = (
					"DEBUG=1",
					"$(inherited)",
				);
				GCC_WARN_64_TO_32_BIT_CONVERSION = YES;
				GCC_WARN_ABOUT_RETURN_TYPE = YES_ERROR;
				GCC_WARN_UNDECLARED_SELECTOR = YES;
				GCC_WARN_UNINITIALIZED_AUTOS = YES_AGGRESSIVE;
				GCC_WARN_UNUSED_FUNCTION = YES;
				GCC_WARN_UNUSED_VARIABLE = YES;
				IPHONEOS_DEPLOYMENT_TARGET = 11.4;
				MTL_ENABLE_DEBUG_INFO = YES;
				ONLY_ACTIVE_ARCH = YES;
				SDKROOT = iphoneos;
				SWIFT_ACTIVE_COMPILATION_CONDITIONS = DEBUG;
				SWIFT_OPTIMIZATION_LEVEL = "-Onone";
			};
			name = Debug;
		};
		217067F4212BEA030003E665 /* Release */ = {
			isa = XCBuildConfiguration;
			buildSettings = {
				ALWAYS_SEARCH_USER_PATHS = NO;
				CLANG_ANALYZER_NONNULL = YES;
				CLANG_ANALYZER_NUMBER_OBJECT_CONVERSION = YES_AGGRESSIVE;
				CLANG_CXX_LANGUAGE_STANDARD = "gnu++14";
				CLANG_CXX_LIBRARY = "libc++";
				CLANG_ENABLE_MODULES = YES;
				CLANG_ENABLE_OBJC_ARC = YES;
				CLANG_ENABLE_OBJC_WEAK = YES;
				CLANG_WARN_BLOCK_CAPTURE_AUTORELEASING = YES;
				CLANG_WARN_BOOL_CONVERSION = YES;
				CLANG_WARN_COMMA = YES;
				CLANG_WARN_CONSTANT_CONVERSION = YES;
				CLANG_WARN_DEPRECATED_OBJC_IMPLEMENTATIONS = YES;
				CLANG_WARN_DIRECT_OBJC_ISA_USAGE = YES_ERROR;
				CLANG_WARN_DOCUMENTATION_COMMENTS = YES;
				CLANG_WARN_EMPTY_BODY = YES;
				CLANG_WARN_ENUM_CONVERSION = YES;
				CLANG_WARN_INFINITE_RECURSION = YES;
				CLANG_WARN_INT_CONVERSION = YES;
				CLANG_WARN_NON_LITERAL_NULL_CONVERSION = YES;
				CLANG_WARN_OBJC_IMPLICIT_RETAIN_SELF = YES;
				CLANG_WARN_OBJC_LITERAL_CONVERSION = YES;
				CLANG_WARN_OBJC_ROOT_CLASS = YES_ERROR;
				CLANG_WARN_RANGE_LOOP_ANALYSIS = YES;
				CLANG_WARN_STRICT_PROTOTYPES = YES;
				CLANG_WARN_SUSPICIOUS_MOVE = YES;
				CLANG_WARN_UNGUARDED_AVAILABILITY = YES_AGGRESSIVE;
				CLANG_WARN_UNREACHABLE_CODE = YES;
				CLANG_WARN__DUPLICATE_METHOD_MATCH = YES;
				CODE_SIGN_IDENTITY = "iPhone Developer";
				COPY_PHASE_STRIP = NO;
				DEBUG_INFORMATION_FORMAT = "dwarf-with-dsym";
				ENABLE_NS_ASSERTIONS = NO;
				ENABLE_STRICT_OBJC_MSGSEND = YES;
				GCC_C_LANGUAGE_STANDARD = gnu11;
				GCC_NO_COMMON_BLOCKS = YES;
				GCC_WARN_64_TO_32_BIT_CONVERSION = YES;
				GCC_WARN_ABOUT_RETURN_TYPE = YES_ERROR;
				GCC_WARN_UNDECLARED_SELECTOR = YES;
				GCC_WARN_UNINITIALIZED_AUTOS = YES_AGGRESSIVE;
				GCC_WARN_UNUSED_FUNCTION = YES;
				GCC_WARN_UNUSED_VARIABLE = YES;
				IPHONEOS_DEPLOYMENT_TARGET = 11.4;
				MTL_ENABLE_DEBUG_INFO = NO;
				SDKROOT = iphoneos;
				SWIFT_COMPILATION_MODE = wholemodule;
				SWIFT_OPTIMIZATION_LEVEL = "-O";
				VALIDATE_PRODUCT = YES;
			};
			name = Release;
		};
		217067F6212BEA030003E665 /* Debug */ = {
			isa = XCBuildConfiguration;
			baseConfigurationReference = EA740C67CF0B0988FE92F916 /* Pods-TourAndTravelsApp.debug.xcconfig */;
			buildSettings = {
				ASSETCATALOG_COMPILER_APPICON_NAME = AppIcon;
				CLANG_ENABLE_MODULES = YES;
				CODE_SIGN_STYLE = Automatic;
				DEVELOPMENT_TEAM = 5W64V38EUB;
				INFOPLIST_FILE = TourAndTravelsApp/Info.plist;
				IPHONEOS_DEPLOYMENT_TARGET = 10.0;
				LD_RUNPATH_SEARCH_PATHS = (
					"$(inherited)",
					"@executable_path/Frameworks",
				);
				PRODUCT_BUNDLE_IDENTIFIER = com.innovius.TourAndTravelsApp;
				PRODUCT_NAME = "$(TARGET_NAME)";
				SWIFT_OBJC_BRIDGING_HEADER = "/Users/ravidubey/Desktop/TourAndTravelsApp/TourAndTravelsApp/helper/TourAndTravelsApp-Bridging-Header.h";
				SWIFT_OPTIMIZATION_LEVEL = "-Onone";
				SWIFT_VERSION = 4.0;
				TARGETED_DEVICE_FAMILY = 1;
			};
			name = Debug;
		};
		217067F7212BEA030003E665 /* Release */ = {
			isa = XCBuildConfiguration;
			baseConfigurationReference = 2F5364E316CD760975F0CA26 /* Pods-TourAndTravelsApp.release.xcconfig */;
			buildSettings = {
				ASSETCATALOG_COMPILER_APPICON_NAME = AppIcon;
				CLANG_ENABLE_MODULES = YES;
				CODE_SIGN_STYLE = Automatic;
				DEVELOPMENT_TEAM = 5W64V38EUB;
				INFOPLIST_FILE = TourAndTravelsApp/Info.plist;
				IPHONEOS_DEPLOYMENT_TARGET = 10.0;
				LD_RUNPATH_SEARCH_PATHS = (
					"$(inherited)",
					"@executable_path/Frameworks",
				);
				PRODUCT_BUNDLE_IDENTIFIER = com.innovius.TourAndTravelsApp;
				PRODUCT_NAME = "$(TARGET_NAME)";
				SWIFT_OBJC_BRIDGING_HEADER = "/Users/ravidubey/Desktop/TourAndTravelsApp/TourAndTravelsApp/helper/TourAndTravelsApp-Bridging-Header.h";
				SWIFT_VERSION = 4.0;
				TARGETED_DEVICE_FAMILY = 1;
			};
			name = Release;
		};
		217067F9212BEA030003E665 /* Debug */ = {
			isa = XCBuildConfiguration;
			baseConfigurationReference = FF864DE3DC4C1AFBD107B650 /* Pods-TourAndTravelsAppTests.debug.xcconfig */;
			buildSettings = {
				ALWAYS_EMBED_SWIFT_STANDARD_LIBRARIES = YES;
				BUNDLE_LOADER = "$(TEST_HOST)";
				CODE_SIGN_STYLE = Automatic;
				INFOPLIST_FILE = TourAndTravelsAppTests/Info.plist;
				LD_RUNPATH_SEARCH_PATHS = (
					"$(inherited)",
					"@executable_path/Frameworks",
					"@loader_path/Frameworks",
				);
				PRODUCT_BUNDLE_IDENTIFIER = com.innovius.TourAndTravelsAppTests;
				PRODUCT_NAME = "$(TARGET_NAME)";
				SWIFT_VERSION = 4.0;
				TARGETED_DEVICE_FAMILY = "1,2";
				TEST_HOST = "$(BUILT_PRODUCTS_DIR)/TourAndTravelsApp.app/TourAndTravelsApp";
			};
			name = Debug;
		};
		217067FA212BEA030003E665 /* Release */ = {
			isa = XCBuildConfiguration;
			baseConfigurationReference = D9CDCEC4E0BEF244058267BC /* Pods-TourAndTravelsAppTests.release.xcconfig */;
			buildSettings = {
				ALWAYS_EMBED_SWIFT_STANDARD_LIBRARIES = YES;
				BUNDLE_LOADER = "$(TEST_HOST)";
				CODE_SIGN_STYLE = Automatic;
				INFOPLIST_FILE = TourAndTravelsAppTests/Info.plist;
				LD_RUNPATH_SEARCH_PATHS = (
					"$(inherited)",
					"@executable_path/Frameworks",
					"@loader_path/Frameworks",
				);
				PRODUCT_BUNDLE_IDENTIFIER = com.innovius.TourAndTravelsAppTests;
				PRODUCT_NAME = "$(TARGET_NAME)";
				SWIFT_VERSION = 4.0;
				TARGETED_DEVICE_FAMILY = "1,2";
				TEST_HOST = "$(BUILT_PRODUCTS_DIR)/TourAndTravelsApp.app/TourAndTravelsApp";
			};
			name = Release;
		};
		217067FC212BEA030003E665 /* Debug */ = {
			isa = XCBuildConfiguration;
			baseConfigurationReference = B9D31BE957B485F42FBEA823 /* Pods-TourAndTravelsAppUITests.debug.xcconfig */;
			buildSettings = {
				ALWAYS_EMBED_SWIFT_STANDARD_LIBRARIES = YES;
				CODE_SIGN_STYLE = Automatic;
				INFOPLIST_FILE = TourAndTravelsAppUITests/Info.plist;
				LD_RUNPATH_SEARCH_PATHS = (
					"$(inherited)",
					"@executable_path/Frameworks",
					"@loader_path/Frameworks",
				);
				PRODUCT_BUNDLE_IDENTIFIER = com.innovius.TourAndTravelsAppUITests;
				PRODUCT_NAME = "$(TARGET_NAME)";
				SWIFT_VERSION = 4.0;
				TARGETED_DEVICE_FAMILY = "1,2";
				TEST_TARGET_NAME = TourAndTravelsApp;
			};
			name = Debug;
		};
		217067FD212BEA030003E665 /* Release */ = {
			isa = XCBuildConfiguration;
			baseConfigurationReference = 6DC9F419B03255B64813C395 /* Pods-TourAndTravelsAppUITests.release.xcconfig */;
			buildSettings = {
				ALWAYS_EMBED_SWIFT_STANDARD_LIBRARIES = YES;
				CODE_SIGN_STYLE = Automatic;
				INFOPLIST_FILE = TourAndTravelsAppUITests/Info.plist;
				LD_RUNPATH_SEARCH_PATHS = (
					"$(inherited)",
					"@executable_path/Frameworks",
					"@loader_path/Frameworks",
				);
				PRODUCT_BUNDLE_IDENTIFIER = com.innovius.TourAndTravelsAppUITests;
				PRODUCT_NAME = "$(TARGET_NAME)";
				SWIFT_VERSION = 4.0;
				TARGETED_DEVICE_FAMILY = "1,2";
				TEST_TARGET_NAME = TourAndTravelsApp;
			};
			name = Release;
		};
/* End XCBuildConfiguration section */

/* Begin XCConfigurationList section */
		217067C8212BEA010003E665 /* Build configuration list for PBXProject "TourAndTravelsApp" */ = {
			isa = XCConfigurationList;
			buildConfigurations = (
				217067F3212BEA030003E665 /* Debug */,
				217067F4212BEA030003E665 /* Release */,
			);
			defaultConfigurationIsVisible = 0;
			defaultConfigurationName = Release;
		};
		217067F5212BEA030003E665 /* Build configuration list for PBXNativeTarget "TourAndTravelsApp" */ = {
			isa = XCConfigurationList;
			buildConfigurations = (
				217067F6212BEA030003E665 /* Debug */,
				217067F7212BEA030003E665 /* Release */,
			);
			defaultConfigurationIsVisible = 0;
			defaultConfigurationName = Release;
		};
		217067F8212BEA030003E665 /* Build configuration list for PBXNativeTarget "TourAndTravelsAppTests" */ = {
			isa = XCConfigurationList;
			buildConfigurations = (
				217067F9212BEA030003E665 /* Debug */,
				217067FA212BEA030003E665 /* Release */,
			);
			defaultConfigurationIsVisible = 0;
			defaultConfigurationName = Release;
		};
		217067FB212BEA030003E665 /* Build configuration list for PBXNativeTarget "TourAndTravelsAppUITests" */ = {
			isa = XCConfigurationList;
			buildConfigurations = (
				217067FC212BEA030003E665 /* Debug */,
				217067FD212BEA030003E665 /* Release */,
			);
			defaultConfigurationIsVisible = 0;
			defaultConfigurationName = Release;
		};
/* End XCConfigurationList section */
	};
	rootObject = 217067C5212BEA010003E665 /* Project object */;
}
